
Microsoft Visual Studio Solution File, Format Version 12.00
Project("{FAE04EC0-301F-11D3-BF4B-00C04F79EFBC}") = "EasyCI", "EasyCI\EasyCI.csproj", "{2E5475B0-B3E8-4AB0-A95F-7D6646E7BDB0}"
EndProject
Global
	GlobalSection(SolutionConfigurationPlatforms) = preSolution
		Debug|Any CPU = Debug|Any CPU
		Release|Any CPU = Release|Any CPU
	EndGlobalSection
	GlobalSection(ProjectConfigurationPlatforms) = postSolution
		{2E5475B0-B3E8-4AB0-A95F-7D6646E7BDB0}.Debug|Any CPU.ActiveCfg = Debug|Any CPU
		{2E5475B0-B3E8-4AB0-A95F-7D6646E7BDB0}.Debug|Any CPU.Build.0 = Debug|Any CPU
		{2E5475B0-B3E8-4AB0-A95F-7D6646E7BDB0}.Release|Any CPU.ActiveCfg = Release|Any CPU
		{2E5475B0-B3E8-4AB0-A95F-7D6646E7BDB0}.Release|Any CPU.Build.0 = Release|Any CPU
	EndGlobalSection
EndGlobal
